dependencies:
- name: access-backend
  repository: file://../access-backend
  version: 0.1.8
- name: ambassador
  repository: file://../ambassador
  version: 0.1.25
- name: arborist
  repository: file://../arborist
  version: 0.1.24
- name: argo-wrapper
  repository: file://../argo-wrapper
  version: 0.1.18
- name: audit
  repository: file://../audit
  version: 0.1.27
- name: aws-es-proxy
  repository: file://../aws-es-proxy
  version: 0.1.27
- name: cedar
  repository: file://../cedar
  version: 0.1.12
- name: cohort-middleware
  repository: file://../cohort-middleware
  version: 0.1.11
- name: common
  repository: file://../common
  version: 0.1.21
- name: dashboard
  repository: file://../dashboard
  version: 0.1.7
- name: etl
  repository: file://../etl
  version: 0.1.15
- name: frontend-framework
  repository: file://../frontend-framework
  version: 0.1.13
- name: fence
  repository: file://../fence
  version: 0.1.52
- name: gen3-user-data-library
  repository: file://../gen3-user-data-library
  version: 0.1.5
- name: guppy
  repository: file://../guppy
  version: 0.1.25
- name: hatchery
  repository: file://../hatchery
  version: 0.1.24
- name: indexd
  repository: file://../indexd
  version: 0.1.32
- name: manifestservice
  repository: file://../manifestservice
  version: 0.1.30
- name: metadata
  repository: file://../metadata
  version: 0.1.29
- name: peregrine
  repository: file://../peregrine
  version: 0.1.31
- name: portal
  repository: file://../portal
  version: 0.1.43
- name: requestor
  repository: file://../requestor
  version: 0.1.24
- name: revproxy
  repository: file://../revproxy
  version: 0.1.40
- name: sheepdog
  repository: file://../sheepdog
  version: 0.1.29
- name: ssjdispatcher
  repository: file://../ssjdispatcher
  version: 0.1.30
- name: sower
  repository: file://../sower
  version: 0.1.32
- name: wts
  repository: file://../wts
  version: 0.1.28
- name: gen3-network-policies
  repository: file://../gen3-network-policies
  version: 0.1.2
- name: dicom-server
  repository: file://../dicom-server
  version: 0.1.19
- name: ohif-viewer
  repository: file://../ohif-viewer
  version: 0.1.3
- name: orthanc
  repository: file://../orthanc
  version: 0.1.4
- name: gen3-analysis
  repository: file://../gen3-analysis
  version: 0.1.1
- name: elasticsearch
  repository: https://helm.elastic.co
  version: 7.10.2
- name: postgresql
  repository: https://charts.bitnami.com/bitnami
  version: 11.9.13
- name: neuvector
  repository: file://../neuvector
  version: 0.1.2
digest: sha256:2108b8563f60762c398d9c25298658e640b41f10cd89f1e8c16620a7d8f36a32
generated: "2025-08-12T20:17:43.35267425Z"
