dependencies:
- name: access-backend
  repository: file://../access-backend
  version: 0.1.22
- name: ambassador
  repository: file://../ambassador
  version: 0.1.39
- name: arborist
  repository: file://../arborist
  version: 0.1.36
- name: argo-wrapper
  repository: file://../argo-wrapper
  version: 0.1.33
- name: audit
  repository: file://../audit
  version: 0.1.46
- name: aws-es-proxy
  repository: file://../aws-es-proxy
  version: 0.1.44
- name: aws-sigv4-proxy
  repository: file://../aws-sigv4-proxy
  version: 0.1.4
- name: cedar
  repository: file://../cedar
  version: 0.1.28
- name: cohort-middleware
  repository: file://../cohort-middleware
  version: 0.1.25
- name: common
  repository: file://../common
  version: 0.1.38
- name: dashboard
  repository: file://../dashboard
  version: 0.1.23
- name: datareplicate
  repository: file://../datareplicate
  version: 0.1.23
- name: data-upload-cron
  repository: file://../data-upload-cron
  version: 0.1.8
- name: embedding-management-service
  repository: file://../embedding-management-service
  version: 0.1.10
- name: etl
  repository: file://../etl
  version: 0.1.24
- name: frontend-framework
  repository: file://../frontend-framework
  version: 0.1.31
- name: fence
  repository: file://../fence
  version: 0.1.81
- name: funnel
  repository: file://../funnel
  version: 0.1.31
- name: gen3-user-data-library
  repository: file://../gen3-user-data-library
  version: 0.1.17
- name: gen3-workflow
  repository: file://../gen3-workflow
  version: 0.1.28
- name: guppy
  repository: file://../guppy
  version: 0.1.40
- name: hatchery
  repository: file://../hatchery
  version: 0.1.72
- name: indexd
  repository: file://../indexd
  version: 0.1.49
- name: manifestservice
  repository: file://../manifestservice
  version: 0.1.45
- name: metadata
  repository: file://../metadata
  version: 0.1.47
- name: peregrine
  repository: file://../peregrine
  version: 0.1.44
- name: portal
  repository: file://../portal
  version: 0.1.62
- name: requestor
  repository: file://../requestor
  version: 0.1.37
- name: revproxy
  repository: file://../revproxy
  version: 0.1.68
- name: sheepdog
  repository: file://../sheepdog
  version: 0.1.46
- name: ssjdispatcher
  repository: file://../ssjdispatcher
  version: 0.1.49
- name: sower
  repository: file://../sower
  version: 0.1.48
- name: wts
  repository: file://../wts
  version: 0.1.43
- name: zendesk-wrapper
  repository: file://../zendesk-wrapper
  version: 0.1.1
- name: gen3-network-policies
  repository: file://../gen3-network-policies
  version: 0.1.4
- name: dicom-server
  repository: file://../dicom-server
  version: 0.1.33
- name: ohif-viewer
  repository: file://../ohif-viewer
  version: 0.1.16
- name: orthanc
  repository: file://../orthanc
  version: 0.1.17
- name: gen3-analysis
  repository: file://../gen3-analysis
  version: 0.1.14
- name: ohdsi-atlas
  repository: file://../ohdsi-atlas
  version: 0.1.2
- name: ohdsi-webapi
  repository: file://../ohdsi-webapi
  version: 0.1.7
- name: elasticsearch
  repository: https://helm.elastic.co
  version: 7.10.2
- name: postgresql
  repository: https://charts.bitnami.com/bitnami
  version: 11.9.13
- name: neuvector
  repository: file://../neuvector
  version: 0.1.2
- name: jeg
  repository: file://../jeg
  version: 0.1.3
- name: workspace-proxy
  repository: file://../workspace-proxy
  version: 0.1.3
- name: vectis-overlays
  repository: file://../vectis-overlays
  version: 0.1.3
digest: sha256:0b8687259d46833aad18f39004160bcbba1fa57c887830797d9adb4a63284c37
generated: "2026-07-31T19:35:22.273935668Z"
